
Microsoft Visual Studio Solution File, Format Version 11.00
# Visual Studio 2010
Project("{2857B73E-F847-4B02-9238-064979017E93}") = "Titania", "Titania\Titania.cproj", "{B8162BFF-FE10-4AE2-83EF-35F6DA9300B1}"
EndProject
Project("{2150E333-8FDC-42A3-9474-1A3956D46DE8}") = "miscellaneous", "miscellaneous", "{0A83A471-2425-4FE8-B816-A75033B4D27C}"
	ProjectSection(MonoDevelopProperties) = preProject
		BaseDirectory = miscellaneous
	EndProjectSection
EndProject
Project("{9344BDBB-3E7F-41FC-A0DD-8665D75EE146}") = "uncrustify-all", "miscellaneous\uncrustify-all\uncrustify-all.mdproj", "{BD471A40-76AE-4035-B56B-E29658A0ACB3}"
EndProject
Project("{9344BDBB-3E7F-41FC-A0DD-8665D75EE146}") = "logo", "miscellaneous\logo\logo.mdproj", "{61BC6D29-D55B-43E3-917C-D8E5B14EC6CE}"
EndProject
Project("{9344BDBB-3E7F-41FC-A0DD-8665D75EE146}") = "glade2c++", "miscellaneous\glade2c++\glade2c++.mdproj", "{0F1D7430-6D26-479A-987A-547A23248798}"
EndProject
Project("{2857B73E-F847-4B02-9238-064979017E93}") = "libtitania-x3d", "libtitania-x3d\libtitania-x3d.cproj", "{DFCBA660-2306-4B2B-A18F-7CA89FDD83A3}"
EndProject
Project("{9344BDBB-3E7F-41FC-A0DD-8665D75EE146}") = "Library", "Library\Library.mdproj", "{4E14CF17-2479-463F-BF86-128B9B5C5FAD}"
EndProject
Project("{9344BDBB-3E7F-41FC-A0DD-8665D75EE146}") = "Papers", "Papers\Papers.mdproj", "{E29E81C4-20D1-4FF3-A932-202A4D23FACE}"
EndProject
Project("{2857B73E-F847-4B02-9238-064979017E93}") = "experimental", "experimental\experimental.cproj", "{DFF8F332-1B93-48CB-85E3-FDFE35CB177D}"
EndProject
Project("{9344BDBB-3E7F-41FC-A0DD-8665D75EE146}") = "Documentation", "Documentation\Documentation.mdproj", "{F985E33B-A6D8-44E1-8785-96C3847A4993}"
EndProject
Project("{2857B73E-F847-4B02-9238-064979017E93}") = "libtitania-sqlite", "libtitania-sqlite\libtitania-sqlite.cproj", "{277BAB61-D2B7-44BF-AEF2-06E328D7830F}"
EndProject
Project("{2857B73E-F847-4B02-9238-064979017E93}") = "libtitania-stream", "libtitania-stream\libtitania-stream.cproj", "{6CB1B53F-0F11-4EF9-B245-1C4B104CC934}"
EndProject
Project("{2857B73E-F847-4B02-9238-064979017E93}") = "libtitania-standard", "libtitania-standard\libtitania-standard.cproj", "{4978BF53-C409-4F1D-A898-AC2ADA52EFB7}"
EndProject
Project("{9344BDBB-3E7F-41FC-A0DD-8665D75EE146}") = "build", "build\build.mdproj", "{ADFD852E-EC3F-463B-B5F9-30812AB9890B}"
EndProject
Project("{9344BDBB-3E7F-41FC-A0DD-8665D75EE146}") = "po", "po\po.mdproj", "{2CFC1124-FDC1-4F5D-BF5E-0516B8A85D7A}"
EndProject
Project("{2857B73E-F847-4B02-9238-064979017E93}") = "libtitania-ftgl", "libtitania-ftgl\libtitania-ftgl.cproj", "{2FF7D6FD-C910-4916-9538-B1ADA2448FF1}"
EndProject
Project("{9344BDBB-3E7F-41FC-A0DD-8665D75EE146}") = "snap", "snap\snap.mdproj", "{21C9AF61-3114-433F-B333-132898E2183D}"
EndProject
Global
	GlobalSection(SolutionConfigurationPlatforms) = preSolution
		Debug|Any CPU = Debug|Any CPU
		Parallel|Any CPU = Parallel|Any CPU
		Release|Any CPU = Release|Any CPU
		Default|Any CPU = Default|Any CPU
	EndGlobalSection
	GlobalSection(ProjectConfigurationPlatforms) = postSolution
		{0F1D7430-6D26-479A-987A-547A23248798}.Debug|Any CPU.ActiveCfg = Default|Any CPU
		{0F1D7430-6D26-479A-987A-547A23248798}.Debug|Any CPU.Build.0 = Default|Any CPU
		{0F1D7430-6D26-479A-987A-547A23248798}.Default|Any CPU.ActiveCfg = Default|Any CPU
		{0F1D7430-6D26-479A-987A-547A23248798}.Default|Any CPU.Build.0 = Default|Any CPU
		{0F1D7430-6D26-479A-987A-547A23248798}.Parallel|Any CPU.ActiveCfg = Default|Any CPU
		{0F1D7430-6D26-479A-987A-547A23248798}.Parallel|Any CPU.Build.0 = Default|Any CPU
		{0F1D7430-6D26-479A-987A-547A23248798}.Release|Any CPU.ActiveCfg = Default|Any CPU
		{0F1D7430-6D26-479A-987A-547A23248798}.Release|Any CPU.Build.0 = Default|Any CPU
		{21C9AF61-3114-433F-B333-132898E2183D}.Debug|Any CPU.ActiveCfg = Default|Any CPU
		{21C9AF61-3114-433F-B333-132898E2183D}.Debug|Any CPU.Build.0 = Default|Any CPU
		{21C9AF61-3114-433F-B333-132898E2183D}.Default|Any CPU.ActiveCfg = Default|Any CPU
		{21C9AF61-3114-433F-B333-132898E2183D}.Default|Any CPU.Build.0 = Default|Any CPU
		{21C9AF61-3114-433F-B333-132898E2183D}.Parallel|Any CPU.ActiveCfg = Default|Any CPU
		{21C9AF61-3114-433F-B333-132898E2183D}.Parallel|Any CPU.Build.0 = Default|Any CPU
		{21C9AF61-3114-433F-B333-132898E2183D}.Release|Any CPU.ActiveCfg = Default|Any CPU
		{21C9AF61-3114-433F-B333-132898E2183D}.Release|Any CPU.Build.0 = Default|Any CPU
		{277BAB61-D2B7-44BF-AEF2-06E328D7830F}.Debug|Any CPU.ActiveCfg = Debug|Any CPU
		{277BAB61-D2B7-44BF-AEF2-06E328D7830F}.Debug|Any CPU.Build.0 = Debug|Any CPU
		{277BAB61-D2B7-44BF-AEF2-06E328D7830F}.Default|Any CPU.ActiveCfg = Debug|Any CPU
		{277BAB61-D2B7-44BF-AEF2-06E328D7830F}.Default|Any CPU.Build.0 = Debug|Any CPU
		{277BAB61-D2B7-44BF-AEF2-06E328D7830F}.Parallel|Any CPU.ActiveCfg = Parallel|Any CPU
		{277BAB61-D2B7-44BF-AEF2-06E328D7830F}.Parallel|Any CPU.Build.0 = Parallel|Any CPU
		{277BAB61-D2B7-44BF-AEF2-06E328D7830F}.Release|Any CPU.ActiveCfg = Release|Any CPU
		{277BAB61-D2B7-44BF-AEF2-06E328D7830F}.Release|Any CPU.Build.0 = Release|Any CPU
		{2CFC1124-FDC1-4F5D-BF5E-0516B8A85D7A}.Debug|Any CPU.ActiveCfg = Default|Any CPU
		{2CFC1124-FDC1-4F5D-BF5E-0516B8A85D7A}.Debug|Any CPU.Build.0 = Default|Any CPU
		{2CFC1124-FDC1-4F5D-BF5E-0516B8A85D7A}.Default|Any CPU.ActiveCfg = Default|Any CPU
		{2CFC1124-FDC1-4F5D-BF5E-0516B8A85D7A}.Default|Any CPU.Build.0 = Default|Any CPU
		{2CFC1124-FDC1-4F5D-BF5E-0516B8A85D7A}.Parallel|Any CPU.ActiveCfg = Default|Any CPU
		{2CFC1124-FDC1-4F5D-BF5E-0516B8A85D7A}.Parallel|Any CPU.Build.0 = Default|Any CPU
		{2CFC1124-FDC1-4F5D-BF5E-0516B8A85D7A}.Release|Any CPU.ActiveCfg = Default|Any CPU
		{2CFC1124-FDC1-4F5D-BF5E-0516B8A85D7A}.Release|Any CPU.Build.0 = Default|Any CPU
		{2FF7D6FD-C910-4916-9538-B1ADA2448FF1}.Debug|Any CPU.ActiveCfg = Debug|Any CPU
		{2FF7D6FD-C910-4916-9538-B1ADA2448FF1}.Debug|Any CPU.Build.0 = Debug|Any CPU
		{2FF7D6FD-C910-4916-9538-B1ADA2448FF1}.Default|Any CPU.ActiveCfg = Debug|Any CPU
		{2FF7D6FD-C910-4916-9538-B1ADA2448FF1}.Default|Any CPU.Build.0 = Debug|Any CPU
		{2FF7D6FD-C910-4916-9538-B1ADA2448FF1}.Parallel|Any CPU.ActiveCfg = Debug|Any CPU
		{2FF7D6FD-C910-4916-9538-B1ADA2448FF1}.Parallel|Any CPU.Build.0 = Debug|Any CPU
		{2FF7D6FD-C910-4916-9538-B1ADA2448FF1}.Release|Any CPU.ActiveCfg = Release|Any CPU
		{2FF7D6FD-C910-4916-9538-B1ADA2448FF1}.Release|Any CPU.Build.0 = Release|Any CPU
		{4978BF53-C409-4F1D-A898-AC2ADA52EFB7}.Debug|Any CPU.ActiveCfg = Debug|Any CPU
		{4978BF53-C409-4F1D-A898-AC2ADA52EFB7}.Debug|Any CPU.Build.0 = Debug|Any CPU
		{4978BF53-C409-4F1D-A898-AC2ADA52EFB7}.Default|Any CPU.ActiveCfg = Debug|Any CPU
		{4978BF53-C409-4F1D-A898-AC2ADA52EFB7}.Default|Any CPU.Build.0 = Debug|Any CPU
		{4978BF53-C409-4F1D-A898-AC2ADA52EFB7}.Parallel|Any CPU.ActiveCfg = Parallel|Any CPU
		{4978BF53-C409-4F1D-A898-AC2ADA52EFB7}.Parallel|Any CPU.Build.0 = Parallel|Any CPU
		{4978BF53-C409-4F1D-A898-AC2ADA52EFB7}.Release|Any CPU.ActiveCfg = Release|Any CPU
		{4978BF53-C409-4F1D-A898-AC2ADA52EFB7}.Release|Any CPU.Build.0 = Release|Any CPU
		{4E14CF17-2479-463F-BF86-128B9B5C5FAD}.Debug|Any CPU.ActiveCfg = Debug|Any CPU
		{4E14CF17-2479-463F-BF86-128B9B5C5FAD}.Debug|Any CPU.Build.0 = Debug|Any CPU
		{4E14CF17-2479-463F-BF86-128B9B5C5FAD}.Parallel|Any CPU.ActiveCfg = Parallel|Any CPU
		{4E14CF17-2479-463F-BF86-128B9B5C5FAD}.Parallel|Any CPU.Build.0 = Parallel|Any CPU
		{4E14CF17-2479-463F-BF86-128B9B5C5FAD}.Release|Any CPU.ActiveCfg = Release|Any CPU
		{4E14CF17-2479-463F-BF86-128B9B5C5FAD}.Release|Any CPU.Build.0 = Release|Any CPU
		{61BC6D29-D55B-43E3-917C-D8E5B14EC6CE}.Debug|Any CPU.ActiveCfg = Debug|Any CPU
		{61BC6D29-D55B-43E3-917C-D8E5B14EC6CE}.Debug|Any CPU.Build.0 = Debug|Any CPU
		{61BC6D29-D55B-43E3-917C-D8E5B14EC6CE}.Parallel|Any CPU.ActiveCfg = Parallel|Any CPU
		{61BC6D29-D55B-43E3-917C-D8E5B14EC6CE}.Parallel|Any CPU.Build.0 = Parallel|Any CPU
		{61BC6D29-D55B-43E3-917C-D8E5B14EC6CE}.Release|Any CPU.ActiveCfg = Release|Any CPU
		{61BC6D29-D55B-43E3-917C-D8E5B14EC6CE}.Release|Any CPU.Build.0 = Release|Any CPU
		{6CB1B53F-0F11-4EF9-B245-1C4B104CC934}.Debug|Any CPU.ActiveCfg = Debug|Any CPU
		{6CB1B53F-0F11-4EF9-B245-1C4B104CC934}.Debug|Any CPU.Build.0 = Debug|Any CPU
		{6CB1B53F-0F11-4EF9-B245-1C4B104CC934}.Default|Any CPU.ActiveCfg = Debug|Any CPU
		{6CB1B53F-0F11-4EF9-B245-1C4B104CC934}.Default|Any CPU.Build.0 = Debug|Any CPU
		{6CB1B53F-0F11-4EF9-B245-1C4B104CC934}.Parallel|Any CPU.ActiveCfg = Debug|Any CPU
		{6CB1B53F-0F11-4EF9-B245-1C4B104CC934}.Parallel|Any CPU.Build.0 = Debug|Any CPU
		{6CB1B53F-0F11-4EF9-B245-1C4B104CC934}.Release|Any CPU.ActiveCfg = Release|Any CPU
		{6CB1B53F-0F11-4EF9-B245-1C4B104CC934}.Release|Any CPU.Build.0 = Release|Any CPU
		{ADFD852E-EC3F-463B-B5F9-30812AB9890B}.Debug|Any CPU.ActiveCfg = Default|Any CPU
		{ADFD852E-EC3F-463B-B5F9-30812AB9890B}.Debug|Any CPU.Build.0 = Default|Any CPU
		{ADFD852E-EC3F-463B-B5F9-30812AB9890B}.Default|Any CPU.ActiveCfg = Default|Any CPU
		{ADFD852E-EC3F-463B-B5F9-30812AB9890B}.Default|Any CPU.Build.0 = Default|Any CPU
		{ADFD852E-EC3F-463B-B5F9-30812AB9890B}.Parallel|Any CPU.ActiveCfg = Default|Any CPU
		{ADFD852E-EC3F-463B-B5F9-30812AB9890B}.Parallel|Any CPU.Build.0 = Default|Any CPU
		{ADFD852E-EC3F-463B-B5F9-30812AB9890B}.Release|Any CPU.ActiveCfg = Default|Any CPU
		{ADFD852E-EC3F-463B-B5F9-30812AB9890B}.Release|Any CPU.Build.0 = Default|Any CPU
		{B8162BFF-FE10-4AE2-83EF-35F6DA9300B1}.Debug|Any CPU.ActiveCfg = Debug|Any CPU
		{B8162BFF-FE10-4AE2-83EF-35F6DA9300B1}.Debug|Any CPU.Build.0 = Debug|Any CPU
		{B8162BFF-FE10-4AE2-83EF-35F6DA9300B1}.Parallel|Any CPU.ActiveCfg = Parallel|Any CPU
		{B8162BFF-FE10-4AE2-83EF-35F6DA9300B1}.Parallel|Any CPU.Build.0 = Parallel|Any CPU
		{B8162BFF-FE10-4AE2-83EF-35F6DA9300B1}.Release|Any CPU.ActiveCfg = Release|Any CPU
		{B8162BFF-FE10-4AE2-83EF-35F6DA9300B1}.Release|Any CPU.Build.0 = Release|Any CPU
		{BD471A40-76AE-4035-B56B-E29658A0ACB3}.Debug|Any CPU.ActiveCfg = Debug|Any CPU
		{BD471A40-76AE-4035-B56B-E29658A0ACB3}.Debug|Any CPU.Build.0 = Debug|Any CPU
		{BD471A40-76AE-4035-B56B-E29658A0ACB3}.Parallel|Any CPU.ActiveCfg = Parallel|Any CPU
		{BD471A40-76AE-4035-B56B-E29658A0ACB3}.Parallel|Any CPU.Build.0 = Parallel|Any CPU
		{BD471A40-76AE-4035-B56B-E29658A0ACB3}.Release|Any CPU.ActiveCfg = Release|Any CPU
		{BD471A40-76AE-4035-B56B-E29658A0ACB3}.Release|Any CPU.Build.0 = Release|Any CPU
		{DFCBA660-2306-4B2B-A18F-7CA89FDD83A3}.Debug|Any CPU.ActiveCfg = Debug|Any CPU
		{DFCBA660-2306-4B2B-A18F-7CA89FDD83A3}.Debug|Any CPU.Build.0 = Debug|Any CPU
		{DFCBA660-2306-4B2B-A18F-7CA89FDD83A3}.Default|Any CPU.ActiveCfg = Debug|Any CPU
		{DFCBA660-2306-4B2B-A18F-7CA89FDD83A3}.Default|Any CPU.Build.0 = Debug|Any CPU
		{DFCBA660-2306-4B2B-A18F-7CA89FDD83A3}.Parallel|Any CPU.ActiveCfg = Parallel|Any CPU
		{DFCBA660-2306-4B2B-A18F-7CA89FDD83A3}.Parallel|Any CPU.Build.0 = Parallel|Any CPU
		{DFCBA660-2306-4B2B-A18F-7CA89FDD83A3}.Release|Any CPU.ActiveCfg = Release|Any CPU
		{DFCBA660-2306-4B2B-A18F-7CA89FDD83A3}.Release|Any CPU.Build.0 = Release|Any CPU
		{DFF8F332-1B93-48CB-85E3-FDFE35CB177D}.Debug|Any CPU.ActiveCfg = Debug|Any CPU
		{DFF8F332-1B93-48CB-85E3-FDFE35CB177D}.Debug|Any CPU.Build.0 = Debug|Any CPU
		{DFF8F332-1B93-48CB-85E3-FDFE35CB177D}.Parallel|Any CPU.ActiveCfg = Debug|Any CPU
		{DFF8F332-1B93-48CB-85E3-FDFE35CB177D}.Parallel|Any CPU.Build.0 = Debug|Any CPU
		{DFF8F332-1B93-48CB-85E3-FDFE35CB177D}.Release|Any CPU.ActiveCfg = Release|Any CPU
		{DFF8F332-1B93-48CB-85E3-FDFE35CB177D}.Release|Any CPU.Build.0 = Release|Any CPU
		{E29E81C4-20D1-4FF3-A932-202A4D23FACE}.Debug|Any CPU.ActiveCfg = Debug|Any CPU
		{E29E81C4-20D1-4FF3-A932-202A4D23FACE}.Debug|Any CPU.Build.0 = Debug|Any CPU
		{E29E81C4-20D1-4FF3-A932-202A4D23FACE}.Parallel|Any CPU.ActiveCfg = Parallel|Any CPU
		{E29E81C4-20D1-4FF3-A932-202A4D23FACE}.Parallel|Any CPU.Build.0 = Parallel|Any CPU
		{E29E81C4-20D1-4FF3-A932-202A4D23FACE}.Release|Any CPU.ActiveCfg = Release|Any CPU
		{E29E81C4-20D1-4FF3-A932-202A4D23FACE}.Release|Any CPU.Build.0 = Release|Any CPU
		{F985E33B-A6D8-44E1-8785-96C3847A4993}.Debug|Any CPU.ActiveCfg = Default|Any CPU
		{F985E33B-A6D8-44E1-8785-96C3847A4993}.Debug|Any CPU.Build.0 = Default|Any CPU
		{F985E33B-A6D8-44E1-8785-96C3847A4993}.Default|Any CPU.ActiveCfg = Default|Any CPU
		{F985E33B-A6D8-44E1-8785-96C3847A4993}.Default|Any CPU.Build.0 = Default|Any CPU
		{F985E33B-A6D8-44E1-8785-96C3847A4993}.Parallel|Any CPU.ActiveCfg = Default|Any CPU
		{F985E33B-A6D8-44E1-8785-96C3847A4993}.Parallel|Any CPU.Build.0 = Default|Any CPU
		{F985E33B-A6D8-44E1-8785-96C3847A4993}.Release|Any CPU.ActiveCfg = Default|Any CPU
		{F985E33B-A6D8-44E1-8785-96C3847A4993}.Release|Any CPU.Build.0 = Default|Any CPU
		{9AB058BD-D20B-49E4-BC93-91F835F194BA}.Debug|Any CPU.ActiveCfg = Debug|Any CPU
		{9AB058BD-D20B-49E4-BC93-91F835F194BA}.Debug|Any CPU.Build.0 = Debug|Any CPU
		{9AB058BD-D20B-49E4-BC93-91F835F194BA}.Default|Any CPU.ActiveCfg = Debug|Any CPU
		{9AB058BD-D20B-49E4-BC93-91F835F194BA}.Default|Any CPU.Build.0 = Debug|Any CPU
		{9AB058BD-D20B-49E4-BC93-91F835F194BA}.Parallel|Any CPU.ActiveCfg = Debug|Any CPU
		{9AB058BD-D20B-49E4-BC93-91F835F194BA}.Parallel|Any CPU.Build.0 = Debug|Any CPU
		{9AB058BD-D20B-49E4-BC93-91F835F194BA}.Release|Any CPU.ActiveCfg = Release|Any CPU
		{9AB058BD-D20B-49E4-BC93-91F835F194BA}.Release|Any CPU.Build.0 = Release|Any CPU
	EndGlobalSection
	GlobalSection(NestedProjects) = preSolution
		{BD471A40-76AE-4035-B56B-E29658A0ACB3} = {0A83A471-2425-4FE8-B816-A75033B4D27C}
		{61BC6D29-D55B-43E3-917C-D8E5B14EC6CE} = {0A83A471-2425-4FE8-B816-A75033B4D27C}
		{0F1D7430-6D26-479A-987A-547A23248798} = {0A83A471-2425-4FE8-B816-A75033B4D27C}
	EndGlobalSection
	GlobalSection(MonoDevelopProperties) = preSolution
		Policies = $0
		$0.TextStylePolicy = $1
		$1.inheritsSet = null
		$1.scope = text/x-c++src
		$0.TextStylePolicy = $2
		$2.inheritsSet = null
		$2.scope = application/x-wine-extension-ini
		$0.VersionControlPolicy = $3
		$3.inheritsSet = Mono
		$0.TextStylePolicy = $4
		$4.FileWidth = 120
		$4.TabWidth = 3
		$4.NoTabsAfterNonTabs = True
		$4.inheritsSet = Mono
		$4.inheritsScope = text/plain
		$4.scope = text/plain
		$0.TextStylePolicy = $5
		$5.inheritsSet = null
		$5.scope = text/x-chdr
		$0.ChangeLogPolicy = $6
		$6.UpdateMode = ProjectRoot
		$6.MessageStyle = $7
		$7.LineAlign = 0
		$6.inheritsSet = Mono
		version = 0.3
		StartupItem = Titania\Titania.cproj
	EndGlobalSection
EndGlobal
